{
  "name": "xatan8n",
  "version": "1.0.0",
  "lockfileVersion": 3,
  "requires": true,
  "packages": {
    "": {
      "name": "xatan8n",
      "version": "1.0.0",
      "license": "ISC",
      "dependencies": {
        "@xata.io/client": "^0.29.5"
      }
    },
    "node_modules/@xata.io/client": {
      "version": "0.29.5",
      "resolved": "https://registry.npmjs.org/@xata.io/client/-/client-0.29.5.tgz",
      "integrity": "sha512-b55dmPVNVFOE5nj2F2G6t9l/d5yYBhIu5X5w3rznhhsriGHkrzn93tqJexIZPS77E7f/yDXcFz06KbvR3bHK5w==",
      "peerDependencies": {
        "typescript": ">=4.5"
      }
    },
    "node_modules/typescript": {
      "version": "5.5.2",
      "resolved": "https://registry.npmjs.org/typescript/-/typescript-5.5.2.tgz",
      "integrity": "sha512-NcRtPEOsPFFWjobJEtfihkLCZCXZt/os3zf8nTxjVH3RvTSxjrCamJpbExGvYOF+tFHc3pA65qpdwPbzjohhew==",
      "peer": true,
      "bin": {
        "tsc": "bin/tsc",
        "tsserver": "bin/tsserver"
      },
      "engines": {
        "node": ">=14.17"
      }
    }
  }
}
